
Microsoft Visual Studio Solution File, Format Version 12.00
# Visual Studio 15
VisualStudioVersion = 15.0.28307.1800
MinimumVisualStudioVersion = 10.0.40219.1
Project("{888888A0-9F3D-457C-B088-3A5042F75D52}") = "greedy_Q4", "greedy_Q4\greedy_Q4.pyproj", "{EB573069-F92F-4C3B-8E02-F32FA7CB284E}"
EndProject
Global
	GlobalSection(SolutionConfigurationPlatforms) = preSolution
		Debug|Any CPU = Debug|Any CPU
		Release|Any CPU = Release|Any CPU
	EndGlobalSection
	GlobalSection(ProjectConfigurationPlatforms) = postSolution
		{EB573069-F92F-4C3B-8E02-F32FA7CB284E}.Debug|Any CPU.ActiveCfg = Debug|Any CPU
		{EB573069-F92F-4C3B-8E02-F32FA7CB284E}.Release|Any CPU.ActiveCfg = Release|Any CPU
	EndGlobalSection
	GlobalSection(SolutionProperties) = preSolution
		HideSolutionNode = FALSE
	EndGlobalSection
	GlobalSection(ExtensibilityGlobals) = postSolution
		SolutionGuid = {23D3305D-88F9-4B0F-B496-03DF7E9C0FAA}
	EndGlobalSection
EndGlobal
