
Microsoft Visual Studio Solution File, Format Version 12.00
# Visual Studio 15
VisualStudioVersion = 15.0.28307.1800
MinimumVisualStudioVersion = 10.0.40219.1
Project("{888888A0-9F3D-457C-B088-3A5042F75D52}") = "Union_1", "Union_1\Union_1.pyproj", "{F81C95A3-863D-4C78-AA9A-13692102BA0A}"
EndProject
Global
	GlobalSection(SolutionConfigurationPlatforms) = preSolution
		Debug|Any CPU = Debug|Any CPU
		Release|Any CPU = Release|Any CPU
	EndGlobalSection
	GlobalSection(ProjectConfigurationPlatforms) = postSolution
		{F81C95A3-863D-4C78-AA9A-13692102BA0A}.Debug|Any CPU.ActiveCfg = Debug|Any CPU
		{F81C95A3-863D-4C78-AA9A-13692102BA0A}.Release|Any CPU.ActiveCfg = Release|Any CPU
	EndGlobalSection
	GlobalSection(SolutionProperties) = preSolution
		HideSolutionNode = FALSE
	EndGlobalSection
	GlobalSection(ExtensibilityGlobals) = postSolution
		SolutionGuid = {EE73DFED-212B-48D3-89EF-67CC33B4C1E3}
	EndGlobalSection
EndGlobal
