
Microsoft Visual Studio Solution File, Format Version 12.00
# Visual Studio 15
VisualStudioVersion = 15.0.28307.1800
MinimumVisualStudioVersion = 10.0.40219.1
Project("{888888A0-9F3D-457C-B088-3A5042F75D52}") = "sort_3", "sort_3\sort_3.pyproj", "{2939DD8A-184C-4606-907A-CE216FAB2CB7}"
EndProject
Global
	GlobalSection(SolutionConfigurationPlatforms) = preSolution
		Debug|Any CPU = Debug|Any CPU
		Release|Any CPU = Release|Any CPU
	EndGlobalSection
	GlobalSection(ProjectConfigurationPlatforms) = postSolution
		{2939DD8A-184C-4606-907A-CE216FAB2CB7}.Debug|Any CPU.ActiveCfg = Debug|Any CPU
		{2939DD8A-184C-4606-907A-CE216FAB2CB7}.Release|Any CPU.ActiveCfg = Release|Any CPU
	EndGlobalSection
	GlobalSection(SolutionProperties) = preSolution
		HideSolutionNode = FALSE
	EndGlobalSection
	GlobalSection(ExtensibilityGlobals) = postSolution
		SolutionGuid = {6151C1B6-6305-4D51-82A1-FC6693485BA7}
	EndGlobalSection
EndGlobal
