
Microsoft Visual Studio Solution File, Format Version 12.00
# Visual Studio 15
VisualStudioVersion = 15.0.28307.1800
MinimumVisualStudioVersion = 10.0.40219.1
Project("{888888A0-9F3D-457C-B088-3A5042F75D52}") = "Q14", "Q14\Q14.pyproj", "{F724BA82-1A18-4043-A098-32EF955C5443}"
EndProject
Global
	GlobalSection(SolutionConfigurationPlatforms) = preSolution
		Debug|Any CPU = Debug|Any CPU
		Release|Any CPU = Release|Any CPU
	EndGlobalSection
	GlobalSection(ProjectConfigurationPlatforms) = postSolution
		{F724BA82-1A18-4043-A098-32EF955C5443}.Debug|Any CPU.ActiveCfg = Debug|Any CPU
		{F724BA82-1A18-4043-A098-32EF955C5443}.Release|Any CPU.ActiveCfg = Release|Any CPU
	EndGlobalSection
	GlobalSection(SolutionProperties) = preSolution
		HideSolutionNode = FALSE
	EndGlobalSection
	GlobalSection(ExtensibilityGlobals) = postSolution
		SolutionGuid = {3F865C9C-A153-4CA6-B14D-26452B04A857}
	EndGlobalSection
EndGlobal
