
Microsoft Visual Studio Solution File, Format Version 12.00
# Visual Studio 15
VisualStudioVersion = 15.0.28307.1800
MinimumVisualStudioVersion = 10.0.40219.1
Project("{888888A0-9F3D-457C-B088-3A5042F75D52}") = "Q21", "Q21\Q21.pyproj", "{932A3A92-E2E8-4582-BAD3-361C3F7E7C7D}"
EndProject
Global
	GlobalSection(SolutionConfigurationPlatforms) = preSolution
		Debug|Any CPU = Debug|Any CPU
		Release|Any CPU = Release|Any CPU
	EndGlobalSection
	GlobalSection(ProjectConfigurationPlatforms) = postSolution
		{932A3A92-E2E8-4582-BAD3-361C3F7E7C7D}.Debug|Any CPU.ActiveCfg = Debug|Any CPU
		{932A3A92-E2E8-4582-BAD3-361C3F7E7C7D}.Release|Any CPU.ActiveCfg = Release|Any CPU
	EndGlobalSection
	GlobalSection(SolutionProperties) = preSolution
		HideSolutionNode = FALSE
	EndGlobalSection
	GlobalSection(ExtensibilityGlobals) = postSolution
		SolutionGuid = {7BBD476D-EB4D-4AF0-BD57-C9D373374348}
	EndGlobalSection
EndGlobal
