
Microsoft Visual Studio Solution File, Format Version 12.00
# Visual Studio 15
VisualStudioVersion = 15.0.28307.1800
MinimumVisualStudioVersion = 10.0.40219.1
Project("{888888A0-9F3D-457C-B088-3A5042F75D52}") = "greedy_Q6", "greedy_Q6\greedy_Q6.pyproj", "{FD9CE036-1545-468A-9FF5-9E7EB3D8A90B}"
EndProject
Global
	GlobalSection(SolutionConfigurationPlatforms) = preSolution
		Debug|Any CPU = Debug|Any CPU
		Release|Any CPU = Release|Any CPU
	EndGlobalSection
	GlobalSection(ProjectConfigurationPlatforms) = postSolution
		{FD9CE036-1545-468A-9FF5-9E7EB3D8A90B}.Debug|Any CPU.ActiveCfg = Debug|Any CPU
		{FD9CE036-1545-468A-9FF5-9E7EB3D8A90B}.Release|Any CPU.ActiveCfg = Release|Any CPU
	EndGlobalSection
	GlobalSection(SolutionProperties) = preSolution
		HideSolutionNode = FALSE
	EndGlobalSection
	GlobalSection(ExtensibilityGlobals) = postSolution
		SolutionGuid = {27D36BE1-C3BB-4AC7-9A90-8F4ECE20EBBB}
	EndGlobalSection
EndGlobal
