
Microsoft Visual Studio Solution File, Format Version 12.00
# Visual Studio 15
VisualStudioVersion = 15.0.28307.1800
MinimumVisualStudioVersion = 10.0.40219.1
Project("{888888A0-9F3D-457C-B088-3A5042F75D52}") = "Q23", "Q23\Q23.pyproj", "{E01DE22A-F262-4A72-B7A7-0B0256E3E7E1}"
EndProject
Global
	GlobalSection(SolutionConfigurationPlatforms) = preSolution
		Debug|Any CPU = Debug|Any CPU
		Release|Any CPU = Release|Any CPU
	EndGlobalSection
	GlobalSection(ProjectConfigurationPlatforms) = postSolution
		{E01DE22A-F262-4A72-B7A7-0B0256E3E7E1}.Debug|Any CPU.ActiveCfg = Debug|Any CPU
		{E01DE22A-F262-4A72-B7A7-0B0256E3E7E1}.Release|Any CPU.ActiveCfg = Release|Any CPU
	EndGlobalSection
	GlobalSection(SolutionProperties) = preSolution
		HideSolutionNode = FALSE
	EndGlobalSection
	GlobalSection(ExtensibilityGlobals) = postSolution
		SolutionGuid = {4DD0A821-D89E-47C6-A9AB-049BBE2BD09F}
	EndGlobalSection
EndGlobal
