
Microsoft Visual Studio Solution File, Format Version 12.00
# Visual Studio 15
VisualStudioVersion = 15.0.28307.1800
MinimumVisualStudioVersion = 10.0.40219.1
Project("{888888A0-9F3D-457C-B088-3A5042F75D52}") = "greedy_2", "greedy_2\greedy_2.pyproj", "{9147009A-019F-40C3-BC20-83EFCA96F794}"
EndProject
Global
	GlobalSection(SolutionConfigurationPlatforms) = preSolution
		Debug|Any CPU = Debug|Any CPU
		Release|Any CPU = Release|Any CPU
	EndGlobalSection
	GlobalSection(ProjectConfigurationPlatforms) = postSolution
		{9147009A-019F-40C3-BC20-83EFCA96F794}.Debug|Any CPU.ActiveCfg = Debug|Any CPU
		{9147009A-019F-40C3-BC20-83EFCA96F794}.Release|Any CPU.ActiveCfg = Release|Any CPU
	EndGlobalSection
	GlobalSection(SolutionProperties) = preSolution
		HideSolutionNode = FALSE
	EndGlobalSection
	GlobalSection(ExtensibilityGlobals) = postSolution
		SolutionGuid = {77F401F6-1BA2-4E35-A64B-03F57B524655}
	EndGlobalSection
EndGlobal
