
Microsoft Visual Studio Solution File, Format Version 12.00
# Visual Studio 15
VisualStudioVersion = 15.0.28307.1800
MinimumVisualStudioVersion = 10.0.40219.1
Project("{888888A0-9F3D-457C-B088-3A5042F75D52}") = "Q26", "Q26\Q26.pyproj", "{C9262AB9-B337-4854-9F0C-364D63729F66}"
EndProject
Global
	GlobalSection(SolutionConfigurationPlatforms) = preSolution
		Debug|Any CPU = Debug|Any CPU
		Release|Any CPU = Release|Any CPU
	EndGlobalSection
	GlobalSection(ProjectConfigurationPlatforms) = postSolution
		{C9262AB9-B337-4854-9F0C-364D63729F66}.Debug|Any CPU.ActiveCfg = Debug|Any CPU
		{C9262AB9-B337-4854-9F0C-364D63729F66}.Release|Any CPU.ActiveCfg = Release|Any CPU
	EndGlobalSection
	GlobalSection(SolutionProperties) = preSolution
		HideSolutionNode = FALSE
	EndGlobalSection
	GlobalSection(ExtensibilityGlobals) = postSolution
		SolutionGuid = {438AC47E-D3A2-429F-8FB8-B07924424CFD}
	EndGlobalSection
EndGlobal
