
Microsoft Visual Studio Solution File, Format Version 12.00
# Visual Studio 15
VisualStudioVersion = 15.0.28307.1800
MinimumVisualStudioVersion = 10.0.40219.1
Project("{888888A0-9F3D-457C-B088-3A5042F75D52}") = "미로탈출", "미로탈출\미로탈출.pyproj", "{79FB8A3A-50FE-4DF7-A556-E70465C87BB3}"
EndProject
Global
	GlobalSection(SolutionConfigurationPlatforms) = preSolution
		Debug|Any CPU = Debug|Any CPU
		Release|Any CPU = Release|Any CPU
	EndGlobalSection
	GlobalSection(ProjectConfigurationPlatforms) = postSolution
		{79FB8A3A-50FE-4DF7-A556-E70465C87BB3}.Debug|Any CPU.ActiveCfg = Debug|Any CPU
		{79FB8A3A-50FE-4DF7-A556-E70465C87BB3}.Release|Any CPU.ActiveCfg = Release|Any CPU
	EndGlobalSection
	GlobalSection(SolutionProperties) = preSolution
		HideSolutionNode = FALSE
	EndGlobalSection
	GlobalSection(ExtensibilityGlobals) = postSolution
		SolutionGuid = {313E7DB7-3A0F-4F28-B080-1C8C34EF48FE}
	EndGlobalSection
EndGlobal
