
Microsoft Visual Studio Solution File, Format Version 12.00
# Visual Studio 15
VisualStudioVersion = 15.0.28307.1800
MinimumVisualStudioVersion = 10.0.40219.1
Project("{888888A0-9F3D-457C-B088-3A5042F75D52}") = "Q8", "Q8\Q8.pyproj", "{5F29F88B-2DF3-4BE2-A719-88E2AD63906F}"
EndProject
Global
	GlobalSection(SolutionConfigurationPlatforms) = preSolution
		Debug|Any CPU = Debug|Any CPU
		Release|Any CPU = Release|Any CPU
	EndGlobalSection
	GlobalSection(ProjectConfigurationPlatforms) = postSolution
		{5F29F88B-2DF3-4BE2-A719-88E2AD63906F}.Debug|Any CPU.ActiveCfg = Debug|Any CPU
		{5F29F88B-2DF3-4BE2-A719-88E2AD63906F}.Release|Any CPU.ActiveCfg = Release|Any CPU
	EndGlobalSection
	GlobalSection(SolutionProperties) = preSolution
		HideSolutionNode = FALSE
	EndGlobalSection
	GlobalSection(ExtensibilityGlobals) = postSolution
		SolutionGuid = {424AB9A0-F4FB-4C80-90E5-D4B01CA2D2EA}
	EndGlobalSection
EndGlobal
