
Microsoft Visual Studio Solution File, Format Version 12.00
# Visual Studio 15
VisualStudioVersion = 15.0.28307.1800
MinimumVisualStudioVersion = 10.0.40219.1
Project("{888888A0-9F3D-457C-B088-3A5042F75D52}") = "dynamic_2", "dynamic_2\dynamic_2.pyproj", "{A5312C09-8472-49B9-B397-3EAF6C3ACD6C}"
EndProject
Global
	GlobalSection(SolutionConfigurationPlatforms) = preSolution
		Debug|Any CPU = Debug|Any CPU
		Release|Any CPU = Release|Any CPU
	EndGlobalSection
	GlobalSection(ProjectConfigurationPlatforms) = postSolution
		{A5312C09-8472-49B9-B397-3EAF6C3ACD6C}.Debug|Any CPU.ActiveCfg = Debug|Any CPU
		{A5312C09-8472-49B9-B397-3EAF6C3ACD6C}.Release|Any CPU.ActiveCfg = Release|Any CPU
	EndGlobalSection
	GlobalSection(SolutionProperties) = preSolution
		HideSolutionNode = FALSE
	EndGlobalSection
	GlobalSection(ExtensibilityGlobals) = postSolution
		SolutionGuid = {DB1FEF5D-4CDE-44EB-B6C4-17041D851AA7}
	EndGlobalSection
EndGlobal
