
Microsoft Visual Studio Solution File, Format Version 12.00
# Visual Studio 15
VisualStudioVersion = 15.0.28307.1800
MinimumVisualStudioVersion = 10.0.40219.1
Project("{888888A0-9F3D-457C-B088-3A5042F75D52}") = "shortest_3", "shortest_3\shortest_3.pyproj", "{5C55911E-6312-402B-9DF1-84BDEC49BD0D}"
EndProject
Global
	GlobalSection(SolutionConfigurationPlatforms) = preSolution
		Debug|Any CPU = Debug|Any CPU
		Release|Any CPU = Release|Any CPU
	EndGlobalSection
	GlobalSection(ProjectConfigurationPlatforms) = postSolution
		{5C55911E-6312-402B-9DF1-84BDEC49BD0D}.Debug|Any CPU.ActiveCfg = Debug|Any CPU
		{5C55911E-6312-402B-9DF1-84BDEC49BD0D}.Release|Any CPU.ActiveCfg = Release|Any CPU
	EndGlobalSection
	GlobalSection(SolutionProperties) = preSolution
		HideSolutionNode = FALSE
	EndGlobalSection
	GlobalSection(ExtensibilityGlobals) = postSolution
		SolutionGuid = {48EF409F-7DE0-4F32-A571-2C12C22D9DBD}
	EndGlobalSection
EndGlobal
