
Microsoft Visual Studio Solution File, Format Version 12.00
# Visual Studio 15
VisualStudioVersion = 15.0.28307.1800
MinimumVisualStudioVersion = 10.0.40219.1
Project("{888888A0-9F3D-457C-B088-3A5042F75D52}") = "greedy_Q2", "greedy_Q2\greedy_Q2.pyproj", "{0D73FB4B-E1EA-4651-984C-C3A0AD470566}"
EndProject
Global
	GlobalSection(SolutionConfigurationPlatforms) = preSolution
		Debug|Any CPU = Debug|Any CPU
		Release|Any CPU = Release|Any CPU
	EndGlobalSection
	GlobalSection(ProjectConfigurationPlatforms) = postSolution
		{0D73FB4B-E1EA-4651-984C-C3A0AD470566}.Debug|Any CPU.ActiveCfg = Debug|Any CPU
		{0D73FB4B-E1EA-4651-984C-C3A0AD470566}.Release|Any CPU.ActiveCfg = Release|Any CPU
	EndGlobalSection
	GlobalSection(SolutionProperties) = preSolution
		HideSolutionNode = FALSE
	EndGlobalSection
	GlobalSection(ExtensibilityGlobals) = postSolution
		SolutionGuid = {DB00166F-B292-4F2B-9FCC-1972431896B5}
	EndGlobalSection
EndGlobal
