
Microsoft Visual Studio Solution File, Format Version 12.00
# Visual Studio 15
VisualStudioVersion = 15.0.28307.1800
MinimumVisualStudioVersion = 10.0.40219.1
Project("{888888A0-9F3D-457C-B088-3A5042F75D52}") = "Q43", "Q43\Q43.pyproj", "{7D6576C6-9FF4-48F8-BBA5-EF10F7A886FB}"
EndProject
Global
	GlobalSection(SolutionConfigurationPlatforms) = preSolution
		Debug|Any CPU = Debug|Any CPU
		Release|Any CPU = Release|Any CPU
	EndGlobalSection
	GlobalSection(ProjectConfigurationPlatforms) = postSolution
		{7D6576C6-9FF4-48F8-BBA5-EF10F7A886FB}.Debug|Any CPU.ActiveCfg = Debug|Any CPU
		{7D6576C6-9FF4-48F8-BBA5-EF10F7A886FB}.Release|Any CPU.ActiveCfg = Release|Any CPU
	EndGlobalSection
	GlobalSection(SolutionProperties) = preSolution
		HideSolutionNode = FALSE
	EndGlobalSection
	GlobalSection(ExtensibilityGlobals) = postSolution
		SolutionGuid = {34F1E83D-8A05-4695-9FD1-F1162D4301F1}
	EndGlobalSection
EndGlobal
