
Microsoft Visual Studio Solution File, Format Version 12.00
# Visual Studio 15
VisualStudioVersion = 15.0.28307.1800
MinimumVisualStudioVersion = 10.0.40219.1
Project("{888888A0-9F3D-457C-B088-3A5042F75D52}") = "Q39", "Q39\Q39.pyproj", "{96949567-7F40-4015-9DA1-E21787BDB41A}"
EndProject
Global
	GlobalSection(SolutionConfigurationPlatforms) = preSolution
		Debug|Any CPU = Debug|Any CPU
		Release|Any CPU = Release|Any CPU
	EndGlobalSection
	GlobalSection(ProjectConfigurationPlatforms) = postSolution
		{96949567-7F40-4015-9DA1-E21787BDB41A}.Debug|Any CPU.ActiveCfg = Debug|Any CPU
		{96949567-7F40-4015-9DA1-E21787BDB41A}.Release|Any CPU.ActiveCfg = Release|Any CPU
	EndGlobalSection
	GlobalSection(SolutionProperties) = preSolution
		HideSolutionNode = FALSE
	EndGlobalSection
	GlobalSection(ExtensibilityGlobals) = postSolution
		SolutionGuid = {A90C3DF9-AC95-4C26-BBF5-7CC6D8B441D5}
	EndGlobalSection
EndGlobal
