
Microsoft Visual Studio Solution File, Format Version 12.00
# Visual Studio 15
VisualStudioVersion = 15.0.28307.1800
MinimumVisualStudioVersion = 10.0.40219.1
Project("{888888A0-9F3D-457C-B088-3A5042F75D52}") = "Q41", "Q41\Q41.pyproj", "{2F9B8358-9668-47A7-99E3-9598004AAB76}"
EndProject
Global
	GlobalSection(SolutionConfigurationPlatforms) = preSolution
		Debug|Any CPU = Debug|Any CPU
		Release|Any CPU = Release|Any CPU
	EndGlobalSection
	GlobalSection(ProjectConfigurationPlatforms) = postSolution
		{2F9B8358-9668-47A7-99E3-9598004AAB76}.Debug|Any CPU.ActiveCfg = Debug|Any CPU
		{2F9B8358-9668-47A7-99E3-9598004AAB76}.Release|Any CPU.ActiveCfg = Release|Any CPU
	EndGlobalSection
	GlobalSection(SolutionProperties) = preSolution
		HideSolutionNode = FALSE
	EndGlobalSection
	GlobalSection(ExtensibilityGlobals) = postSolution
		SolutionGuid = {AA5E94B3-7F07-488A-B9F4-B9A2127F74E6}
	EndGlobalSection
EndGlobal
