
Microsoft Visual Studio Solution File, Format Version 12.00
# Visual Studio 15
VisualStudioVersion = 15.0.28307.1800
MinimumVisualStudioVersion = 10.0.40219.1
Project("{888888A0-9F3D-457C-B088-3A5042F75D52}") = "Q13", "Q13\Q13.pyproj", "{1672D5BB-84C7-4726-9061-C188B5A0DC1F}"
EndProject
Global
	GlobalSection(SolutionConfigurationPlatforms) = preSolution
		Debug|Any CPU = Debug|Any CPU
		Release|Any CPU = Release|Any CPU
	EndGlobalSection
	GlobalSection(ProjectConfigurationPlatforms) = postSolution
		{1672D5BB-84C7-4726-9061-C188B5A0DC1F}.Debug|Any CPU.ActiveCfg = Debug|Any CPU
		{1672D5BB-84C7-4726-9061-C188B5A0DC1F}.Release|Any CPU.ActiveCfg = Release|Any CPU
	EndGlobalSection
	GlobalSection(SolutionProperties) = preSolution
		HideSolutionNode = FALSE
	EndGlobalSection
	GlobalSection(ExtensibilityGlobals) = postSolution
		SolutionGuid = {32A4C752-E192-4413-959E-7068D942F242}
	EndGlobalSection
EndGlobal
