
Microsoft Visual Studio Solution File, Format Version 12.00
# Visual Studio 15
VisualStudioVersion = 15.0.28307.1800
MinimumVisualStudioVersion = 10.0.40219.1
Project("{888888A0-9F3D-457C-B088-3A5042F75D52}") = "Q9", "Q9\Q9.pyproj", "{2B082E61-1853-492E-83B3-9EE99908EA16}"
EndProject
Global
	GlobalSection(SolutionConfigurationPlatforms) = preSolution
		Debug|Any CPU = Debug|Any CPU
		Release|Any CPU = Release|Any CPU
	EndGlobalSection
	GlobalSection(ProjectConfigurationPlatforms) = postSolution
		{2B082E61-1853-492E-83B3-9EE99908EA16}.Debug|Any CPU.ActiveCfg = Debug|Any CPU
		{2B082E61-1853-492E-83B3-9EE99908EA16}.Release|Any CPU.ActiveCfg = Release|Any CPU
	EndGlobalSection
	GlobalSection(SolutionProperties) = preSolution
		HideSolutionNode = FALSE
	EndGlobalSection
	GlobalSection(ExtensibilityGlobals) = postSolution
		SolutionGuid = {33401DAB-4FF6-4DE4-8C52-C70D89764CF2}
	EndGlobalSection
EndGlobal
