
Microsoft Visual Studio Solution File, Format Version 12.00
# Visual Studio 15
VisualStudioVersion = 15.0.28307.1800
MinimumVisualStudioVersion = 10.0.40219.1
Project("{888888A0-9F3D-457C-B088-3A5042F75D52}") = "Q34", "Q34\Q34.pyproj", "{5DB6DB33-DC0D-414C-9BF8-B2177C948D92}"
EndProject
Global
	GlobalSection(SolutionConfigurationPlatforms) = preSolution
		Debug|Any CPU = Debug|Any CPU
		Release|Any CPU = Release|Any CPU
	EndGlobalSection
	GlobalSection(ProjectConfigurationPlatforms) = postSolution
		{5DB6DB33-DC0D-414C-9BF8-B2177C948D92}.Debug|Any CPU.ActiveCfg = Debug|Any CPU
		{5DB6DB33-DC0D-414C-9BF8-B2177C948D92}.Release|Any CPU.ActiveCfg = Release|Any CPU
	EndGlobalSection
	GlobalSection(SolutionProperties) = preSolution
		HideSolutionNode = FALSE
	EndGlobalSection
	GlobalSection(ExtensibilityGlobals) = postSolution
		SolutionGuid = {EC8D3123-2F33-456B-BB32-E6FA8968DB71}
	EndGlobalSection
EndGlobal
