
Microsoft Visual Studio Solution File, Format Version 12.00
# Visual Studio 15
VisualStudioVersion = 15.0.28307.1800
MinimumVisualStudioVersion = 10.0.40219.1
Project("{888888A0-9F3D-457C-B088-3A5042F75D52}") = "Union_find", "Union_find\Union_find.pyproj", "{47641AC3-842A-47B7-B7EA-FC004D79C6A4}"
EndProject
Global
	GlobalSection(SolutionConfigurationPlatforms) = preSolution
		Debug|Any CPU = Debug|Any CPU
		Release|Any CPU = Release|Any CPU
	EndGlobalSection
	GlobalSection(ProjectConfigurationPlatforms) = postSolution
		{47641AC3-842A-47B7-B7EA-FC004D79C6A4}.Debug|Any CPU.ActiveCfg = Debug|Any CPU
		{47641AC3-842A-47B7-B7EA-FC004D79C6A4}.Release|Any CPU.ActiveCfg = Release|Any CPU
	EndGlobalSection
	GlobalSection(SolutionProperties) = preSolution
		HideSolutionNode = FALSE
	EndGlobalSection
	GlobalSection(ExtensibilityGlobals) = postSolution
		SolutionGuid = {83458E1E-1BC8-4444-BD26-3D3D9AB67D9D}
	EndGlobalSection
EndGlobal
